
Microsoft Visual Studio Solution File, Format Version 12.00
# Visual Studio 15
VisualStudioVersion = 15.0.28307.852
MinimumVisualStudioVersion = 10.0.40219.1
Project("{FAE04EC0-301F-11D3-BF4B-00C04F79EFBC}") = "ACE3Calc.Android", "ACE3Calc\ACE3Calc.Android\ACE3Calc.Android.csproj", "{75A1D1AF-6CB9-4AAD-997A-2B6030B4986F}"
EndProject
Project("{FAE04EC0-301F-11D3-BF4B-00C04F79EFBC}") = "ACE3Calc.iOS", "ACE3Calc\ACE3Calc.iOS\ACE3Calc.iOS.csproj", "{0F90948A-99E5-4391-8A00-5E8992B51975}"
EndProject
Project("{FAE04EC0-301F-11D3-BF4B-00C04F79EFBC}") = "ACE3Calc.UWP", "ACE3Calc\ACE3Calc.UWP\ACE3Calc.UWP.csproj", "{41CB7BC9-8E76-4314-BD48-D0D2E88F9F80}"
EndProject
Project("{FAE04EC0-301F-11D3-BF4B-00C04F79EFBC}") = "ACE3Calc", "ACE3Calc\ACE3Calc\ACE3Calc.csproj", "{314300DD-44D7-40A5-A7DA-CA18DABE2A1E}"
EndProject
Global
	GlobalSection(SolutionConfigurationPlatforms) = preSolution
		Ad-Hoc|Any CPU = Ad-Hoc|Any CPU
		Ad-Hoc|ARM = Ad-Hoc|ARM
		Ad-Hoc|iPhone = Ad-Hoc|iPhone
		Ad-Hoc|iPhoneSimulator = Ad-Hoc|iPhoneSimulator
		Ad-Hoc|x64 = Ad-Hoc|x64
		Ad-Hoc|x86 = Ad-Hoc|x86
		AppStore|Any CPU = AppStore|Any CPU
		AppStore|ARM = AppStore|ARM
		AppStore|iPhone = AppStore|iPhone
		AppStore|iPhoneSimulator = AppStore|iPhoneSimulator
		AppStore|x64 = AppStore|x64
		AppStore|x86 = AppStore|x86
		Debug|Any CPU = Debug|Any CPU
		Debug|ARM = Debug|ARM
		Debug|iPhone = Debug|iPhone
		Debug|iPhoneSimulator = Debug|iPhoneSimulator
		Debug|x64 = Debug|x64
		Debug|x86 = Debug|x86
		Release|Any CPU = Release|Any CPU
		Release|ARM = Release|ARM
		Release|iPhone = Release|iPhone
		Release|iPhoneSimulator = Release|iPhoneSimulator
		Release|x64 = Release|x64
		Release|x86 = Release|x86
	EndGlobalSection
	GlobalSection(ProjectConfigurationPlatforms) = postSolution
		{75A1D1AF-6CB9-4AAD-997A-2B6030B4986F}.Ad-Hoc|Any CPU.ActiveCfg = Release|Any CPU
		{75A1D1AF-6CB9-4AAD-997A-2B6030B4986F}.Ad-Hoc|Any CPU.Build.0 = Release|Any CPU
		{75A1D1AF-6CB9-4AAD-997A-2B6030B4986F}.Ad-Hoc|Any CPU.Deploy.0 = Release|Any CPU
		{75A1D1AF-6CB9-4AAD-997A-2B6030B4986F}.Ad-Hoc|ARM.ActiveCfg = Release|Any CPU
		{75A1D1AF-6CB9-4AAD-997A-2B6030B4986F}.Ad-Hoc|ARM.Build.0 = Release|Any CPU
		{75A1D1AF-6CB9-4AAD-997A-2B6030B4986F}.Ad-Hoc|ARM.Deploy.0 = Release|Any CPU
		{75A1D1AF-6CB9-4AAD-997A-2B6030B4986F}.Ad-Hoc|iPhone.ActiveCfg = Release|Any CPU
		{75A1D1AF-6CB9-4AAD-997A-2B6030B4986F}.Ad-Hoc|iPhone.Build.0 = Release|Any CPU
		{75A1D1AF-6CB9-4AAD-997A-2B6030B4986F}.Ad-Hoc|iPhone.Deploy.0 = Release|Any CPU
		{75A1D1AF-6CB9-4AAD-997A-2B6030B4986F}.Ad-Hoc|iPhoneSimulator.ActiveCfg = Release|Any CPU
		{75A1D1AF-6CB9-4AAD-997A-2B6030B4986F}.Ad-Hoc|iPhoneSimulator.Build.0 = Release|Any CPU
		{75A1D1AF-6CB9-4AAD-997A-2B6030B4986F}.Ad-Hoc|iPhoneSimulator.Deploy.0 = Release|Any CPU
		{75A1D1AF-6CB9-4AAD-997A-2B6030B4986F}.Ad-Hoc|x64.ActiveCfg = Release|Any CPU
		{75A1D1AF-6CB9-4AAD-997A-2B6030B4986F}.Ad-Hoc|x64.Build.0 = Release|Any CPU
		{75A1D1AF-6CB9-4AAD-997A-2B6030B4986F}.Ad-Hoc|x64.Deploy.0 = Release|Any CPU
		{75A1D1AF-6CB9-4AAD-997A-2B6030B4986F}.Ad-Hoc|x86.ActiveCfg = Release|Any CPU
		{75A1D1AF-6CB9-4AAD-997A-2B6030B4986F}.Ad-Hoc|x86.Build.0 = Release|Any CPU
		{75A1D1AF-6CB9-4AAD-997A-2B6030B4986F}.Ad-Hoc|x86.Deploy.0 = Release|Any CPU
		{75A1D1AF-6CB9-4AAD-997A-2B6030B4986F}.AppStore|Any CPU.ActiveCfg = Release|Any CPU
		{75A1D1AF-6CB9-4AAD-997A-2B6030B4986F}.AppStore|Any CPU.Build.0 = Release|Any CPU
		{75A1D1AF-6CB9-4AAD-997A-2B6030B4986F}.AppStore|Any CPU.Deploy.0 = Release|Any CPU
		{75A1D1AF-6CB9-4AAD-997A-2B6030B4986F}.AppStore|ARM.ActiveCfg = Release|Any CPU
		{75A1D1AF-6CB9-4AAD-997A-2B6030B4986F}.AppStore|ARM.Build.0 = Release|Any CPU
		{75A1D1AF-6CB9-4AAD-997A-2B6030B4986F}.AppStore|ARM.Deploy.0 = Release|Any CPU
		{75A1D1AF-6CB9-4AAD-997A-2B6030B4986F}.AppStore|iPhone.ActiveCfg = Release|Any CPU
		{75A1D1AF-6CB9-4AAD-997A-2B6030B4986F}.AppStore|iPhone.Build.0 = Release|Any CPU
		{75A1D1AF-6CB9-4AAD-997A-2B6030B4986F}.AppStore|iPhone.Deploy.0 = Release|Any CPU
		{75A1D1AF-6CB9-4AAD-997A-2B6030B4986F}.AppStore|iPhoneSimulator.ActiveCfg = Release|Any CPU
		{75A1D1AF-6CB9-4AAD-997A-2B6030B4986F}.AppStore|iPhoneSimulator.Build.0 = Release|Any CPU
		{75A1D1AF-6CB9-4AAD-997A-2B6030B4986F}.AppStore|iPhoneSimulator.Deploy.0 = Release|Any CPU
		{75A1D1AF-6CB9-4AAD-997A-2B6030B4986F}.AppStore|x64.ActiveCfg = Release|Any CPU
		{75A1D1AF-6CB9-4AAD-997A-2B6030B4986F}.AppStore|x64.Build.0 = Release|Any CPU
		{75A1D1AF-6CB9-4AAD-997A-2B6030B4986F}.AppStore|x64.Deploy.0 = Release|Any CPU
		{75A1D1AF-6CB9-4AAD-997A-2B6030B4986F}.AppStore|x86.ActiveCfg = Release|Any CPU
		{75A1D1AF-6CB9-4AAD-997A-2B6030B4986F}.AppStore|x86.Build.0 = Release|Any CPU
		{75A1D1AF-6CB9-4AAD-997A-2B6030B4986F}.AppStore|x86.Deploy.0 = Release|Any CPU
		{75A1D1AF-6CB9-4AAD-997A-2B6030B4986F}.Debug|Any CPU.ActiveCfg = Debug|Any CPU
		{75A1D1AF-6CB9-4AAD-997A-2B6030B4986F}.Debug|Any CPU.Build.0 = Debug|Any CPU
		{75A1D1AF-6CB9-4AAD-997A-2B6030B4986F}.Debug|Any CPU.Deploy.0 = Debug|Any CPU
		{75A1D1AF-6CB9-4AAD-997A-2B6030B4986F}.Debug|ARM.ActiveCfg = Debug|Any CPU
		{75A1D1AF-6CB9-4AAD-997A-2B6030B4986F}.Debug|ARM.Build.0 = Debug|Any CPU
		{75A1D1AF-6CB9-4AAD-997A-2B6030B4986F}.Debug|ARM.Deploy.0 = Debug|Any CPU
		{75A1D1AF-6CB9-4AAD-997A-2B6030B4986F}.Debug|iPhone.ActiveCfg = Debug|Any CPU
		{75A1D1AF-6CB9-4AAD-997A-2B6030B4986F}.Debug|iPhone.Build.0 = Debug|Any CPU
		{75A1D1AF-6CB9-4AAD-997A-2B6030B4986F}.Debug|iPhone.Deploy.0 = Debug|Any CPU
		{75A1D1AF-6CB9-4AAD-997A-2B6030B4986F}.Debug|iPhoneSimulator.ActiveCfg = Debug|Any CPU
		{75A1D1AF-6CB9-4AAD-997A-2B6030B4986F}.Debug|iPhoneSimulator.Build.0 = Debug|Any CPU
		{75A1D1AF-6CB9-4AAD-997A-2B6030B4986F}.Debug|iPhoneSimulator.Deploy.0 = Debug|Any CPU
		{75A1D1AF-6CB9-4AAD-997A-2B6030B4986F}.Debug|x64.ActiveCfg = Debug|Any CPU
		{75A1D1AF-6CB9-4AAD-997A-2B6030B4986F}.Debug|x64.Build.0 = Debug|Any CPU
		{75A1D1AF-6CB9-4AAD-997A-2B6030B4986F}.Debug|x64.Deploy.0 = Debug|Any CPU
		{75A1D1AF-6CB9-4AAD-997A-2B6030B4986F}.Debug|x86.ActiveCfg = Debug|Any CPU
		{75A1D1AF-6CB9-4AAD-997A-2B6030B4986F}.Debug|x86.Build.0 = Debug|Any CPU
		{75A1D1AF-6CB9-4AAD-997A-2B6030B4986F}.Debug|x86.Deploy.0 = Debug|Any CPU
		{75A1D1AF-6CB9-4AAD-997A-2B6030B4986F}.Release|Any CPU.ActiveCfg = Release|Any CPU
		{75A1D1AF-6CB9-4AAD-997A-2B6030B4986F}.Release|Any CPU.Build.0 = Release|Any CPU
		{75A1D1AF-6CB9-4AAD-997A-2B6030B4986F}.Release|Any CPU.Deploy.0 = Release|Any CPU
		{75A1D1AF-6CB9-4AAD-997A-2B6030B4986F}.Release|ARM.ActiveCfg = Release|Any CPU
		{75A1D1AF-6CB9-4AAD-997A-2B6030B4986F}.Release|ARM.Build.0 = Release|Any CPU
		{75A1D1AF-6CB9-4AAD-997A-2B6030B4986F}.Release|ARM.Deploy.0 = Release|Any CPU
		{75A1D1AF-6CB9-4AAD-997A-2B6030B4986F}.Release|iPhone.ActiveCfg = Release|Any CPU
		{75A1D1AF-6CB9-4AAD-997A-2B6030B4986F}.Release|iPhone.Build.0 = Release|Any CPU
		{75A1D1AF-6CB9-4AAD-997A-2B6030B4986F}.Release|iPhone.Deploy.0 = Release|Any CPU
		{75A1D1AF-6CB9-4AAD-997A-2B6030B4986F}.Release|iPhoneSimulator.ActiveCfg = Release|Any CPU
		{75A1D1AF-6CB9-4AAD-997A-2B6030B4986F}.Release|iPhoneSimulator.Build.0 = Release|Any CPU
		{75A1D1AF-6CB9-4AAD-997A-2B6030B4986F}.Release|iPhoneSimulator.Deploy.0 = Release|Any CPU
		{75A1D1AF-6CB9-4AAD-997A-2B6030B4986F}.Release|x64.ActiveCfg = Release|Any CPU
		{75A1D1AF-6CB9-4AAD-997A-2B6030B4986F}.Release|x64.Build.0 = Release|Any CPU
		{75A1D1AF-6CB9-4AAD-997A-2B6030B4986F}.Release|x64.Deploy.0 = Release|Any CPU
		{75A1D1AF-6CB9-4AAD-997A-2B6030B4986F}.Release|x86.ActiveCfg = Release|Any CPU
		{75A1D1AF-6CB9-4AAD-997A-2B6030B4986F}.Release|x86.Build.0 = Release|Any CPU
		{75A1D1AF-6CB9-4AAD-997A-2B6030B4986F}.Release|x86.Deploy.0 = Release|Any CPU
		{0F90948A-99E5-4391-8A00-5E8992B51975}.Ad-Hoc|Any CPU.ActiveCfg = Ad-Hoc|iPhone
		{0F90948A-99E5-4391-8A00-5E8992B51975}.Ad-Hoc|Any CPU.Build.0 = Ad-Hoc|iPhone
		{0F90948A-99E5-4391-8A00-5E8992B51975}.Ad-Hoc|Any CPU.Deploy.0 = Ad-Hoc|iPhone
		{0F90948A-99E5-4391-8A00-5E8992B51975}.Ad-Hoc|ARM.ActiveCfg = Ad-Hoc|iPhone
		{0F90948A-99E5-4391-8A00-5E8992B51975}.Ad-Hoc|ARM.Build.0 = Ad-Hoc|iPhone
		{0F90948A-99E5-4391-8A00-5E8992B51975}.Ad-Hoc|ARM.Deploy.0 = Ad-Hoc|iPhone
		{0F90948A-99E5-4391-8A00-5E8992B51975}.Ad-Hoc|iPhone.ActiveCfg = Ad-Hoc|iPhone
		{0F90948A-99E5-4391-8A00-5E8992B51975}.Ad-Hoc|iPhone.Build.0 = Ad-Hoc|iPhone
		{0F90948A-99E5-4391-8A00-5E8992B51975}.Ad-Hoc|iPhone.Deploy.0 = Ad-Hoc|iPhone
		{0F90948A-99E5-4391-8A00-5E8992B51975}.Ad-Hoc|iPhoneSimulator.ActiveCfg = Ad-Hoc|iPhoneSimulator
		{0F90948A-99E5-4391-8A00-5E8992B51975}.Ad-Hoc|iPhoneSimulator.Build.0 = Ad-Hoc|iPhoneSimulator
		{0F90948A-99E5-4391-8A00-5E8992B51975}.Ad-Hoc|iPhoneSimulator.Deploy.0 = Ad-Hoc|iPhoneSimulator
		{0F90948A-99E5-4391-8A00-5E8992B51975}.Ad-Hoc|x64.ActiveCfg = Ad-Hoc|iPhone
		{0F90948A-99E5-4391-8A00-5E8992B51975}.Ad-Hoc|x64.Build.0 = Ad-Hoc|iPhone
		{0F90948A-99E5-4391-8A00-5E8992B51975}.Ad-Hoc|x64.Deploy.0 = Ad-Hoc|iPhone
		{0F90948A-99E5-4391-8A00-5E8992B51975}.Ad-Hoc|x86.ActiveCfg = Ad-Hoc|iPhone
		{0F90948A-99E5-4391-8A00-5E8992B51975}.Ad-Hoc|x86.Build.0 = Ad-Hoc|iPhone
		{0F90948A-99E5-4391-8A00-5E8992B51975}.Ad-Hoc|x86.Deploy.0 = Ad-Hoc|iPhone
		{0F90948A-99E5-4391-8A00-5E8992B51975}.AppStore|Any CPU.ActiveCfg = AppStore|iPhone
		{0F90948A-99E5-4391-8A00-5E8992B51975}.AppStore|Any CPU.Build.0 = AppStore|iPhone
		{0F90948A-99E5-4391-8A00-5E8992B51975}.AppStore|Any CPU.Deploy.0 = AppStore|iPhone
		{0F90948A-99E5-4391-8A00-5E8992B51975}.AppStore|ARM.ActiveCfg = AppStore|iPhone
		{0F90948A-99E5-4391-8A00-5E8992B51975}.AppStore|ARM.Build.0 = AppStore|iPhone
		{0F90948A-99E5-4391-8A00-5E8992B51975}.AppStore|ARM.Deploy.0 = AppStore|iPhone
		{0F90948A-99E5-4391-8A00-5E8992B51975}.AppStore|iPhone.ActiveCfg = AppStore|iPhone
		{0F90948A-99E5-4391-8A00-5E8992B51975}.AppStore|iPhone.Build.0 = AppStore|iPhone
		{0F90948A-99E5-4391-8A00-5E8992B51975}.AppStore|iPhone.Deploy.0 = AppStore|iPhone
		{0F90948A-99E5-4391-8A00-5E8992B51975}.AppStore|iPhoneSimulator.ActiveCfg = AppStore|iPhoneSimulator
		{0F90948A-99E5-4391-8A00-5E8992B51975}.AppStore|iPhoneSimulator.Build.0 = AppStore|iPhoneSimulator
		{0F90948A-99E5-4391-8A00-5E8992B51975}.AppStore|iPhoneSimulator.Deploy.0 = AppStore|iPhoneSimulator
		{0F90948A-99E5-4391-8A00-5E8992B51975}.AppStore|x64.ActiveCfg = AppStore|iPhone
		{0F90948A-99E5-4391-8A00-5E8992B51975}.AppStore|x64.Build.0 = AppStore|iPhone
		{0F90948A-99E5-4391-8A00-5E8992B51975}.AppStore|x64.Deploy.0 = AppStore|iPhone
		{0F90948A-99E5-4391-8A00-5E8992B51975}.AppStore|x86.ActiveCfg = AppStore|iPhone
		{0F90948A-99E5-4391-8A00-5E8992B51975}.AppStore|x86.Build.0 = AppStore|iPhone
		{0F90948A-99E5-4391-8A00-5E8992B51975}.AppStore|x86.Deploy.0 = AppStore|iPhone
		{0F90948A-99E5-4391-8A00-5E8992B51975}.Debug|Any CPU.ActiveCfg = Debug|iPhoneSimulator
		{0F90948A-99E5-4391-8A00-5E8992B51975}.Debug|Any CPU.Build.0 = Debug|iPhoneSimulator
		{0F90948A-99E5-4391-8A00-5E8992B51975}.Debug|Any CPU.Deploy.0 = Debug|iPhoneSimulator
		{0F90948A-99E5-4391-8A00-5E8992B51975}.Debug|ARM.ActiveCfg = Debug|iPhone
		{0F90948A-99E5-4391-8A00-5E8992B51975}.Debug|ARM.Build.0 = Debug|iPhone
		{0F90948A-99E5-4391-8A00-5E8992B51975}.Debug|ARM.Deploy.0 = Debug|iPhone
		{0F90948A-99E5-4391-8A00-5E8992B51975}.Debug|iPhone.ActiveCfg = Debug|iPhone
		{0F90948A-99E5-4391-8A00-5E8992B51975}.Debug|iPhone.Build.0 = Debug|iPhone
		{0F90948A-99E5-4391-8A00-5E8992B51975}.Debug|iPhone.Deploy.0 = Debug|iPhone
		{0F90948A-99E5-4391-8A00-5E8992B51975}.Debug|iPhoneSimulator.ActiveCfg = Debug|iPhoneSimulator
		{0F90948A-99E5-4391-8A00-5E8992B51975}.Debug|iPhoneSimulator.Build.0 = Debug|iPhoneSimulator
		{0F90948A-99E5-4391-8A00-5E8992B51975}.Debug|iPhoneSimulator.Deploy.0 = Debug|iPhoneSimulator
		{0F90948A-99E5-4391-8A00-5E8992B51975}.Debug|x64.ActiveCfg = Debug|iPhone
		{0F90948A-99E5-4391-8A00-5E8992B51975}.Debug|x64.Build.0 = Debug|iPhone
		{0F90948A-99E5-4391-8A00-5E8992B51975}.Debug|x64.Deploy.0 = Debug|iPhone
		{0F90948A-99E5-4391-8A00-5E8992B51975}.Debug|x86.ActiveCfg = Debug|iPhone
		{0F90948A-99E5-4391-8A00-5E8992B51975}.Debug|x86.Build.0 = Debug|iPhone
		{0F90948A-99E5-4391-8A00-5E8992B51975}.Debug|x86.Deploy.0 = Debug|iPhone
		{0F90948A-99E5-4391-8A00-5E8992B51975}.Release|Any CPU.ActiveCfg = Release|iPhone
		{0F90948A-99E5-4391-8A00-5E8992B51975}.Release|Any CPU.Build.0 = Release|iPhone
		{0F90948A-99E5-4391-8A00-5E8992B51975}.Release|Any CPU.Deploy.0 = Release|iPhone
		{0F90948A-99E5-4391-8A00-5E8992B51975}.Release|ARM.ActiveCfg = Release|iPhone
		{0F90948A-99E5-4391-8A00-5E8992B51975}.Release|ARM.Build.0 = Release|iPhone
		{0F90948A-99E5-4391-8A00-5E8992B51975}.Release|ARM.Deploy.0 = Release|iPhone
		{0F90948A-99E5-4391-8A00-5E8992B51975}.Release|iPhone.ActiveCfg = Release|iPhone
		{0F90948A-99E5-4391-8A00-5E8992B51975}.Release|iPhone.Build.0 = Release|iPhone
		{0F90948A-99E5-4391-8A00-5E8992B51975}.Release|iPhone.Deploy.0 = Release|iPhone
		{0F90948A-99E5-4391-8A00-5E8992B51975}.Release|iPhoneSimulator.ActiveCfg = Release|iPhoneSimulator
		{0F90948A-99E5-4391-8A00-5E8992B51975}.Release|iPhoneSimulator.Build.0 = Release|iPhoneSimulator
		{0F90948A-99E5-4391-8A00-5E8992B51975}.Release|iPhoneSimulator.Deploy.0 = Release|iPhoneSimulator
		{0F90948A-99E5-4391-8A00-5E8992B51975}.Release|x64.ActiveCfg = Release|iPhone
		{0F90948A-99E5-4391-8A00-5E8992B51975}.Release|x64.Build.0 = Release|iPhone
		{0F90948A-99E5-4391-8A00-5E8992B51975}.Release|x64.Deploy.0 = Release|iPhone
		{0F90948A-99E5-4391-8A00-5E8992B51975}.Release|x86.ActiveCfg = Release|iPhone
		{0F90948A-99E5-4391-8A00-5E8992B51975}.Release|x86.Build.0 = Release|iPhone
		{0F90948A-99E5-4391-8A00-5E8992B51975}.Release|x86.Deploy.0 = Release|iPhone
		{41CB7BC9-8E76-4314-BD48-D0D2E88F9F80}.Ad-Hoc|Any CPU.ActiveCfg = Release|x86
		{41CB7BC9-8E76-4314-BD48-D0D2E88F9F80}.Ad-Hoc|Any CPU.Build.0 = Release|x86
		{41CB7BC9-8E76-4314-BD48-D0D2E88F9F80}.Ad-Hoc|Any CPU.Deploy.0 = Release|x86
		{41CB7BC9-8E76-4314-BD48-D0D2E88F9F80}.Ad-Hoc|ARM.ActiveCfg = Release|ARM
		{41CB7BC9-8E76-4314-BD48-D0D2E88F9F80}.Ad-Hoc|ARM.Build.0 = Release|ARM
		{41CB7BC9-8E76-4314-BD48-D0D2E88F9F80}.Ad-Hoc|ARM.Deploy.0 = Release|ARM
		{41CB7BC9-8E76-4314-BD48-D0D2E88F9F80}.Ad-Hoc|iPhone.ActiveCfg = Release|x86
		{41CB7BC9-8E76-4314-BD48-D0D2E88F9F80}.Ad-Hoc|iPhone.Build.0 = Release|x86
		{41CB7BC9-8E76-4314-BD48-D0D2E88F9F80}.Ad-Hoc|iPhone.Deploy.0 = Release|x86
		{41CB7BC9-8E76-4314-BD48-D0D2E88F9F80}.Ad-Hoc|iPhoneSimulator.ActiveCfg = Release|x86
		{41CB7BC9-8E76-4314-BD48-D0D2E88F9F80}.Ad-Hoc|iPhoneSimulator.Build.0 = Release|x86
		{41CB7BC9-8E76-4314-BD48-D0D2E88F9F80}.Ad-Hoc|iPhoneSimulator.Deploy.0 = Release|x86
		{41CB7BC9-8E76-4314-BD48-D0D2E88F9F80}.Ad-Hoc|x64.ActiveCfg = Release|x64
		{41CB7BC9-8E76-4314-BD48-D0D2E88F9F80}.Ad-Hoc|x64.Build.0 = Release|x64
		{41CB7BC9-8E76-4314-BD48-D0D2E88F9F80}.Ad-Hoc|x64.Deploy.0 = Release|x64
		{41CB7BC9-8E76-4314-BD48-D0D2E88F9F80}.Ad-Hoc|x86.ActiveCfg = Release|x86
		{41CB7BC9-8E76-4314-BD48-D0D2E88F9F80}.Ad-Hoc|x86.Build.0 = Release|x86
		{41CB7BC9-8E76-4314-BD48-D0D2E88F9F80}.Ad-Hoc|x86.Deploy.0 = Release|x86
		{41CB7BC9-8E76-4314-BD48-D0D2E88F9F80}.AppStore|Any CPU.ActiveCfg = Release|x86
		{41CB7BC9-8E76-4314-BD48-D0D2E88F9F80}.AppStore|Any CPU.Build.0 = Release|x86
		{41CB7BC9-8E76-4314-BD48-D0D2E88F9F80}.AppStore|Any CPU.Deploy.0 = Release|x86
		{41CB7BC9-8E76-4314-BD48-D0D2E88F9F80}.AppStore|ARM.ActiveCfg = Release|ARM
		{41CB7BC9-8E76-4314-BD48-D0D2E88F9F80}.AppStore|ARM.Build.0 = Release|ARM
		{41CB7BC9-8E76-4314-BD48-D0D2E88F9F80}.AppStore|ARM.Deploy.0 = Release|ARM
		{41CB7BC9-8E76-4314-BD48-D0D2E88F9F80}.AppStore|iPhone.ActiveCfg = Release|x86
		{41CB7BC9-8E76-4314-BD48-D0D2E88F9F80}.AppStore|iPhone.Build.0 = Release|x86
		{41CB7BC9-8E76-4314-BD48-D0D2E88F9F80}.AppStore|iPhone.Deploy.0 = Release|x86
		{41CB7BC9-8E76-4314-BD48-D0D2E88F9F80}.AppStore|iPhoneSimulator.ActiveCfg = Release|x86
		{41CB7BC9-8E76-4314-BD48-D0D2E88F9F80}.AppStore|iPhoneSimulator.Build.0 = Release|x86
		{41CB7BC9-8E76-4314-BD48-D0D2E88F9F80}.AppStore|iPhoneSimulator.Deploy.0 = Release|x86
		{41CB7BC9-8E76-4314-BD48-D0D2E88F9F80}.AppStore|x64.ActiveCfg = Release|x64
		{41CB7BC9-8E76-4314-BD48-D0D2E88F9F80}.AppStore|x64.Build.0 = Release|x64
		{41CB7BC9-8E76-4314-BD48-D0D2E88F9F80}.AppStore|x64.Deploy.0 = Release|x64
		{41CB7BC9-8E76-4314-BD48-D0D2E88F9F80}.AppStore|x86.ActiveCfg = Release|x86
		{41CB7BC9-8E76-4314-BD48-D0D2E88F9F80}.AppStore|x86.Build.0 = Release|x86
		{41CB7BC9-8E76-4314-BD48-D0D2E88F9F80}.AppStore|x86.Deploy.0 = Release|x86
		{41CB7BC9-8E76-4314-BD48-D0D2E88F9F80}.Debug|Any CPU.ActiveCfg = Debug|x86
		{41CB7BC9-8E76-4314-BD48-D0D2E88F9F80}.Debug|Any CPU.Build.0 = Debug|x86
		{41CB7BC9-8E76-4314-BD48-D0D2E88F9F80}.Debug|Any CPU.Deploy.0 = Debug|x86
		{41CB7BC9-8E76-4314-BD48-D0D2E88F9F80}.Debug|ARM.ActiveCfg = Debug|ARM
		{41CB7BC9-8E76-4314-BD48-D0D2E88F9F80}.Debug|ARM.Build.0 = Debug|ARM
		{41CB7BC9-8E76-4314-BD48-D0D2E88F9F80}.Debug|ARM.Deploy.0 = Debug|ARM
		{41CB7BC9-8E76-4314-BD48-D0D2E88F9F80}.Debug|iPhone.ActiveCfg = Debug|x86
		{41CB7BC9-8E76-4314-BD48-D0D2E88F9F80}.Debug|iPhone.Build.0 = Debug|x86
		{41CB7BC9-8E76-4314-BD48-D0D2E88F9F80}.Debug|iPhone.Deploy.0 = Debug|x86
		{41CB7BC9-8E76-4314-BD48-D0D2E88F9F80}.Debug|iPhoneSimulator.ActiveCfg = Debug|x86
		{41CB7BC9-8E76-4314-BD48-D0D2E88F9F80}.Debug|iPhoneSimulator.Build.0 = Debug|x86
		{41CB7BC9-8E76-4314-BD48-D0D2E88F9F80}.Debug|iPhoneSimulator.Deploy.0 = Debug|x86
		{41CB7BC9-8E76-4314-BD48-D0D2E88F9F80}.Debug|x64.ActiveCfg = Debug|x64
		{41CB7BC9-8E76-4314-BD48-D0D2E88F9F80}.Debug|x64.Build.0 = Debug|x64
		{41CB7BC9-8E76-4314-BD48-D0D2E88F9F80}.Debug|x64.Deploy.0 = Debug|x64
		{41CB7BC9-8E76-4314-BD48-D0D2E88F9F80}.Debug|x86.ActiveCfg = Debug|x86
		{41CB7BC9-8E76-4314-BD48-D0D2E88F9F80}.Debug|x86.Build.0 = Debug|x86
		{41CB7BC9-8E76-4314-BD48-D0D2E88F9F80}.Debug|x86.Deploy.0 = Debug|x86
		{41CB7BC9-8E76-4314-BD48-D0D2E88F9F80}.Release|Any CPU.ActiveCfg = Release|x86
		{41CB7BC9-8E76-4314-BD48-D0D2E88F9F80}.Release|Any CPU.Build.0 = Release|x86
		{41CB7BC9-8E76-4314-BD48-D0D2E88F9F80}.Release|Any CPU.Deploy.0 = Release|x86
		{41CB7BC9-8E76-4314-BD48-D0D2E88F9F80}.Release|ARM.ActiveCfg = Release|ARM
		{41CB7BC9-8E76-4314-BD48-D0D2E88F9F80}.Release|ARM.Build.0 = Release|ARM
		{41CB7BC9-8E76-4314-BD48-D0D2E88F9F80}.Release|ARM.Deploy.0 = Release|ARM
		{41CB7BC9-8E76-4314-BD48-D0D2E88F9F80}.Release|iPhone.ActiveCfg = Release|x86
		{41CB7BC9-8E76-4314-BD48-D0D2E88F9F80}.Release|iPhone.Build.0 = Release|x86
		{41CB7BC9-8E76-4314-BD48-D0D2E88F9F80}.Release|iPhone.Deploy.0 = Release|x86
		{41CB7BC9-8E76-4314-BD48-D0D2E88F9F80}.Release|iPhoneSimulator.ActiveCfg = Release|x86
		{41CB7BC9-8E76-4314-BD48-D0D2E88F9F80}.Release|iPhoneSimulator.Build.0 = Release|x86
		{41CB7BC9-8E76-4314-BD48-D0D2E88F9F80}.Release|iPhoneSimulator.Deploy.0 = Release|x86
		{41CB7BC9-8E76-4314-BD48-D0D2E88F9F80}.Release|x64.ActiveCfg = Release|x64
		{41CB7BC9-8E76-4314-BD48-D0D2E88F9F80}.Release|x64.Build.0 = Release|x64
		{41CB7BC9-8E76-4314-BD48-D0D2E88F9F80}.Release|x64.Deploy.0 = Release|x64
		{41CB7BC9-8E76-4314-BD48-D0D2E88F9F80}.Release|x86.ActiveCfg = Release|x86
		{41CB7BC9-8E76-4314-BD48-D0D2E88F9F80}.Release|x86.Build.0 = Release|x86
		{41CB7BC9-8E76-4314-BD48-D0D2E88F9F80}.Release|x86.Deploy.0 = Release|x86
		{314300DD-44D7-40A5-A7DA-CA18DABE2A1E}.Ad-Hoc|Any CPU.ActiveCfg = Debug|Any CPU
		{314300DD-44D7-40A5-A7DA-CA18DABE2A1E}.Ad-Hoc|Any CPU.Build.0 = Debug|Any CPU
		{314300DD-44D7-40A5-A7DA-CA18DABE2A1E}.Ad-Hoc|Any CPU.Deploy.0 = Debug|Any CPU
		{314300DD-44D7-40A5-A7DA-CA18DABE2A1E}.Ad-Hoc|ARM.ActiveCfg = Debug|Any CPU
		{314300DD-44D7-40A5-A7DA-CA18DABE2A1E}.Ad-Hoc|ARM.Build.0 = Debug|Any CPU
		{314300DD-44D7-40A5-A7DA-CA18DABE2A1E}.Ad-Hoc|ARM.Deploy.0 = Debug|Any CPU
		{314300DD-44D7-40A5-A7DA-CA18DABE2A1E}.Ad-Hoc|iPhone.ActiveCfg = Debug|Any CPU
		{314300DD-44D7-40A5-A7DA-CA18DABE2A1E}.Ad-Hoc|iPhone.Build.0 = Debug|Any CPU
		{314300DD-44D7-40A5-A7DA-CA18DABE2A1E}.Ad-Hoc|iPhone.Deploy.0 = Debug|Any CPU
		{314300DD-44D7-40A5-A7DA-CA18DABE2A1E}.Ad-Hoc|iPhoneSimulator.ActiveCfg = Debug|Any CPU
		{314300DD-44D7-40A5-A7DA-CA18DABE2A1E}.Ad-Hoc|iPhoneSimulator.Build.0 = Debug|Any CPU
		{314300DD-44D7-40A5-A7DA-CA18DABE2A1E}.Ad-Hoc|iPhoneSimulator.Deploy.0 = Debug|Any CPU
		{314300DD-44D7-40A5-A7DA-CA18DABE2A1E}.Ad-Hoc|x64.ActiveCfg = Debug|Any CPU
		{314300DD-44D7-40A5-A7DA-CA18DABE2A1E}.Ad-Hoc|x64.Build.0 = Debug|Any CPU
		{314300DD-44D7-40A5-A7DA-CA18DABE2A1E}.Ad-Hoc|x64.Deploy.0 = Debug|Any CPU
		{314300DD-44D7-40A5-A7DA-CA18DABE2A1E}.Ad-Hoc|x86.ActiveCfg = Debug|Any CPU
		{314300DD-44D7-40A5-A7DA-CA18DABE2A1E}.Ad-Hoc|x86.Build.0 = Debug|Any CPU
		{314300DD-44D7-40A5-A7DA-CA18DABE2A1E}.Ad-Hoc|x86.Deploy.0 = Debug|Any CPU
		{314300DD-44D7-40A5-A7DA-CA18DABE2A1E}.AppStore|Any CPU.ActiveCfg = Debug|Any CPU
		{314300DD-44D7-40A5-A7DA-CA18DABE2A1E}.AppStore|Any CPU.Build.0 = Debug|Any CPU
		{314300DD-44D7-40A5-A7DA-CA18DABE2A1E}.AppStore|Any CPU.Deploy.0 = Debug|Any CPU
		{314300DD-44D7-40A5-A7DA-CA18DABE2A1E}.AppStore|ARM.ActiveCfg = Debug|Any CPU
		{314300DD-44D7-40A5-A7DA-CA18DABE2A1E}.AppStore|ARM.Build.0 = Debug|Any CPU
		{314300DD-44D7-40A5-A7DA-CA18DABE2A1E}.AppStore|ARM.Deploy.0 = Debug|Any CPU
		{314300DD-44D7-40A5-A7DA-CA18DABE2A1E}.AppStore|iPhone.ActiveCfg = Debug|Any CPU
		{314300DD-44D7-40A5-A7DA-CA18DABE2A1E}.AppStore|iPhone.Build.0 = Debug|Any CPU
		{314300DD-44D7-40A5-A7DA-CA18DABE2A1E}.AppStore|iPhone.Deploy.0 = Debug|Any CPU
		{314300DD-44D7-40A5-A7DA-CA18DABE2A1E}.AppStore|iPhoneSimulator.ActiveCfg = Debug|Any CPU
		{314300DD-44D7-40A5-A7DA-CA18DABE2A1E}.AppStore|iPhoneSimulator.Build.0 = Debug|Any CPU
		{314300DD-44D7-40A5-A7DA-CA18DABE2A1E}.AppStore|iPhoneSimulator.Deploy.0 = Debug|Any CPU
		{314300DD-44D7-40A5-A7DA-CA18DABE2A1E}.AppStore|x64.ActiveCfg = Debug|Any CPU
		{314300DD-44D7-40A5-A7DA-CA18DABE2A1E}.AppStore|x64.Build.0 = Debug|Any CPU
		{314300DD-44D7-40A5-A7DA-CA18DABE2A1E}.AppStore|x64.Deploy.0 = Debug|Any CPU
		{314300DD-44D7-40A5-A7DA-CA18DABE2A1E}.AppStore|x86.ActiveCfg = Debug|Any CPU
		{314300DD-44D7-40A5-A7DA-CA18DABE2A1E}.AppStore|x86.Build.0 = Debug|Any CPU
		{314300DD-44D7-40A5-A7DA-CA18DABE2A1E}.AppStore|x86.Deploy.0 = Debug|Any CPU
		{314300DD-44D7-40A5-A7DA-CA18DABE2A1E}.Debug|Any CPU.ActiveCfg = Debug|Any CPU
		{314300DD-44D7-40A5-A7DA-CA18DABE2A1E}.Debug|Any CPU.Build.0 = Debug|Any CPU
		{314300DD-44D7-40A5-A7DA-CA18DABE2A1E}.Debug|Any CPU.Deploy.0 = Debug|Any CPU
		{314300DD-44D7-40A5-A7DA-CA18DABE2A1E}.Debug|ARM.ActiveCfg = Debug|Any CPU
		{314300DD-44D7-40A5-A7DA-CA18DABE2A1E}.Debug|ARM.Build.0 = Debug|Any CPU
		{314300DD-44D7-40A5-A7DA-CA18DABE2A1E}.Debug|ARM.Deploy.0 = Debug|Any CPU
		{314300DD-44D7-40A5-A7DA-CA18DABE2A1E}.Debug|iPhone.ActiveCfg = Debug|Any CPU
		{314300DD-44D7-40A5-A7DA-CA18DABE2A1E}.Debug|iPhone.Build.0 = Debug|Any CPU
		{314300DD-44D7-40A5-A7DA-CA18DABE2A1E}.Debug|iPhone.Deploy.0 = Debug|Any CPU
		{314300DD-44D7-40A5-A7DA-CA18DABE2A1E}.Debug|iPhoneSimulator.ActiveCfg = Debug|Any CPU
		{314300DD-44D7-40A5-A7DA-CA18DABE2A1E}.Debug|iPhoneSimulator.Build.0 = Debug|Any CPU
		{314300DD-44D7-40A5-A7DA-CA18DABE2A1E}.Debug|iPhoneSimulator.Deploy.0 = Debug|Any CPU
		{314300DD-44D7-40A5-A7DA-CA18DABE2A1E}.Debug|x64.ActiveCfg = Debug|Any CPU
		{314300DD-44D7-40A5-A7DA-CA18DABE2A1E}.Debug|x64.Build.0 = Debug|Any CPU
		{314300DD-44D7-40A5-A7DA-CA18DABE2A1E}.Debug|x64.Deploy.0 = Debug|Any CPU
		{314300DD-44D7-40A5-A7DA-CA18DABE2A1E}.Debug|x86.ActiveCfg = Debug|Any CPU
		{314300DD-44D7-40A5-A7DA-CA18DABE2A1E}.Debug|x86.Build.0 = Debug|Any CPU
		{314300DD-44D7-40A5-A7DA-CA18DABE2A1E}.Debug|x86.Deploy.0 = Debug|Any CPU
		{314300DD-44D7-40A5-A7DA-CA18DABE2A1E}.Release|Any CPU.ActiveCfg = Release|Any CPU
		{314300DD-44D7-40A5-A7DA-CA18DABE2A1E}.Release|Any CPU.Build.0 = Release|Any CPU
		{314300DD-44D7-40A5-A7DA-CA18DABE2A1E}.Release|Any CPU.Deploy.0 = Release|Any CPU
		{314300DD-44D7-40A5-A7DA-CA18DABE2A1E}.Release|ARM.ActiveCfg = Release|Any CPU
		{314300DD-44D7-40A5-A7DA-CA18DABE2A1E}.Release|ARM.Build.0 = Release|Any CPU
		{314300DD-44D7-40A5-A7DA-CA18DABE2A1E}.Release|ARM.Deploy.0 = Release|Any CPU
		{314300DD-44D7-40A5-A7DA-CA18DABE2A1E}.Release|iPhone.ActiveCfg = Release|Any CPU
		{314300DD-44D7-40A5-A7DA-CA18DABE2A1E}.Release|iPhone.Build.0 = Release|Any CPU
		{314300DD-44D7-40A5-A7DA-CA18DABE2A1E}.Release|iPhone.Deploy.0 = Release|Any CPU
		{314300DD-44D7-40A5-A7DA-CA18DABE2A1E}.Release|iPhoneSimulator.ActiveCfg = Release|Any CPU
		{314300DD-44D7-40A5-A7DA-CA18DABE2A1E}.Release|iPhoneSimulator.Build.0 = Release|Any CPU
		{314300DD-44D7-40A5-A7DA-CA18DABE2A1E}.Release|iPhoneSimulator.Deploy.0 = Release|Any CPU
		{314300DD-44D7-40A5-A7DA-CA18DABE2A1E}.Release|x64.ActiveCfg = Release|Any CPU
		{314300DD-44D7-40A5-A7DA-CA18DABE2A1E}.Release|x64.Build.0 = Release|Any CPU
		{314300DD-44D7-40A5-A7DA-CA18DABE2A1E}.Release|x64.Deploy.0 = Release|Any CPU
		{314300DD-44D7-40A5-A7DA-CA18DABE2A1E}.Release|x86.ActiveCfg = Release|Any CPU
		{314300DD-44D7-40A5-A7DA-CA18DABE2A1E}.Release|x86.Build.0 = Release|Any CPU
		{314300DD-44D7-40A5-A7DA-CA18DABE2A1E}.Release|x86.Deploy.0 = Release|Any CPU
	EndGlobalSection
	GlobalSection(SolutionProperties) = preSolution
		HideSolutionNode = FALSE
	EndGlobalSection
	GlobalSection(ExtensibilityGlobals) = postSolution
		SolutionGuid = {1CD5A2F6-90E1-470F-A977-A47630987DF7}
	EndGlobalSection
EndGlobal
